
Microsoft Visual Studio Solution File, Format Version 12.00
# Visual Studio Version 17
VisualStudioVersion = 17.0.31919.166
MinimumVisualStudioVersion = 10.0.40219.1
Project("{FAE04EC0-301F-11D3-BF4B-00C04F79EFBC}") = "SkillsTrackerA", "SkillsTrackerA\SkillsTrackerA.csproj", "{0F8A0B7F-72DD-44E4-B4A8-E9AEC0EDF80F}"
EndProject
Global
	GlobalSection(SolutionConfigurationPlatforms) = preSolution
		Debug|Any CPU = Debug|Any CPU
		Release|Any CPU = Release|Any CPU
	EndGlobalSection
	GlobalSection(ProjectConfigurationPlatforms) = postSolution
		{0F8A0B7F-72DD-44E4-B4A8-E9AEC0EDF80F}.Debug|Any CPU.ActiveCfg = Debug|Any CPU
		{0F8A0B7F-72DD-44E4-B4A8-E9AEC0EDF80F}.Debug|Any CPU.Build.0 = Debug|Any CPU
		{0F8A0B7F-72DD-44E4-B4A8-E9AEC0EDF80F}.Release|Any CPU.ActiveCfg = Release|Any CPU
		{0F8A0B7F-72DD-44E4-B4A8-E9AEC0EDF80F}.Release|Any CPU.Build.0 = Release|Any CPU
	EndGlobalSection
	GlobalSection(SolutionProperties) = preSolution
		HideSolutionNode = FALSE
	EndGlobalSection
	GlobalSection(ExtensibilityGlobals) = postSolution
		SolutionGuid = {3984874A-4504-4431-8FEF-E77B115AFD10}
	EndGlobalSection
EndGlobal
